// !$*UTF8*$!
{
	archiveVersion = 1;
	classes = {
	};
	objectVersion = 56;
	objects = {

/* Begin PBXBuildFile section */
		ACB7D7BD2B3B106A006B4CC6 /* AppDelegate.swift in Sources */ = {isa = PBXBuildFile; fileRef = ACB7D7BC2B3B106A006B4CC6 /* AppDelegate.swift */; };
		ACB7D7BF2B3B106A006B4CC6 /* SceneDelegate.swift in Sources */ = {isa = PBXBuildFile; fileRef = ACB7D7BE2B3B106A006B4CC6 /* SceneDelegate.swift */; };
		ACB7D7C12B3B106A006B4CC6 /* ViewController.swift in Sources */ = {isa = PBXBuildFile; fileRef = ACB7D7C02B3B106A006B4CC6 /* ViewController.swift */; };
		ACB7D7C42B3B106A006B4CC6 /* Main.storyboard in Resources */ = {isa = PBXBuildFile; fileRef = ACB7D7C22B3B106A006B4CC6 /* Main.storyboard */; };
		ACB7D7C62B3B106B006B4CC6 /* Assets.xcassets in Resources */ = {isa = PBXBuildFile; fileRef = ACB7D7C52B3B106B006B4CC6 /* Assets.xcassets */; };
		ACB7D7C92B3B106B006B4CC6 /* LaunchScreen.storyboard in Resources */ = {isa = PBXBuildFile; fileRef = ACB7D7C72B3B106B006B4CC6 /* LaunchScreen.storyboard */; };
		ACB7D7D42B3B106B006B4CC6 /* I_am_richTests.swift in Sources */ = {isa = PBXBuildFile; fileRef = ACB7D7D32B3B106B006B4CC6 /* I_am_richTests.swift */; };
		ACB7D7DE2B3B106B006B4CC6 /* I_am_richUITests.swift in Sources */ = {isa = PBXBuildFile; fileRef = ACB7D7DD2B3B106B006B4CC6 /* I_am_richUITests.swift */; };
		ACB7D7E02B3B106B006B4CC6 /* I_am_richUITestsLaunchTests.swift in Sources */ = {isa = PBXBuildFile; fileRef = ACB7D7DF2B3B106B006B4CC6 /* I_am_richUITestsLaunchTests.swift */; };
/* End PBXBuildFile section */

/* Begin PBXContainerItemProxy section */
		ACB7D7D02B3B106B006B4CC6 /* PBXContainerItemProxy */ = {
			isa = PBXContainerItemProxy;
			containerPortal = ACB7D7B12B3B106A006B4CC6 /* Project object */;
			proxyType = 1;
			remoteGlobalIDString = ACB7D7B82B3B106A006B4CC6;
			remoteInfo = "I am rich";
		};
		ACB7D7DA2B3B106B006B4CC6 /* PBXContainerItemProxy */ = {
			isa = PBXContainerItemProxy;
			containerPortal = ACB7D7B12B3B106A006B4CC6 /* Project object */;
			proxyType = 1;
			remoteGlobalIDString = ACB7D7B82B3B106A006B4CC6;
			remoteInfo = "I am rich";
		};
/* End PBXContainerItemProxy section */

/* Begin PBXFileReference section */
		ACB7D7B92B3B106A006B4CC6 /* I am rich.app */ = {isa = PBXFileReference; explicitFileType = wrapper.application; includeInIndex = 0; path = "I am rich.app"; sourceTree = BUILT_PRODUCTS_DIR; };
		ACB7D7BC2B3B106A006B4CC6 /* AppDelegate.swift */ = {isa = PBXFileReference; lastKnownFileType = sourcecode.swift; path = AppDelegate.swift; sourceTree = "<group>"; };
		ACB7D7BE2B3B106A006B4CC6 /* SceneDelegate.swift */ = {isa = PBXFileReference; lastKnownFileType = sourcecode.swift; path = SceneDelegate.swift; sourceTree = "<group>"; };
		ACB7D7C02B3B106A006B4CC6 /* ViewController.swift */ = {isa = PBXFileReference; lastKnownFileType = sourcecode.swift; path = ViewController.swift; sourceTree = "<group>"; };
		ACB7D7C32B3B106A006B4CC6 /* Base */ = {isa = PBXFileReference; lastKnownFileType = file.storyboard; name = Base; path = Base.lproj/Main.storyboard; sourceTree = "<group>"; };
		ACB7D7C52B3B106B006B4CC6 /* Assets.xcassets */ = {isa = PBXFileReference; lastKnownFileType = folder.assetcatalog; path = Assets.xcassets; sourceTree = "<group>"; };
		ACB7D7C82B3B106B006B4CC6 /* Base */ = {isa = PBXFileReference; lastKnownFileType = file.storyboard; name = Base; path = Base.lproj/LaunchScreen.storyboard; sourceTree = "<group>"; };
		ACB7D7CA2B3B106B006B4CC6 /* Info.plist */ = {isa = PBXFileReference; lastKnownFileType = text.plist.xml; path = Info.plist; sourceTree = "<group>"; };
		ACB7D7CF2B3B106B006B4CC6 /* I am richTests.xctest */ = {isa = PBXFileReference; explicitFileType = wrapper.cfbundle; includeInIndex = 0; path = "I am richTests.xctest"; sourceTree = BUILT_PRODUCTS_DIR; };
		ACB7D7D32B3B106B006B4CC6 /* I_am_richTests.swift */ = {isa = PBXFileReference; lastKnownFileType = sourcecode.swift; path = I_am_richTests.swift; sourceTree = "<group>"; };
		ACB7D7D92B3B106B006B4CC6 /* I am richUITests.xctest */ = {isa = PBXFileReference; explicitFileType = wrapper.cfbundle; includeInIndex = 0; path = "I am richUITests.xctest"; sourceTree = BUILT_PRODUCTS_DIR; };
		ACB7D7DD2B3B106B006B4CC6 /* I_am_richUITests.swift */ = {isa = PBXFileReference; lastKnownFileType = sourcecode.swift; path = I_am_richUITests.swift; sourceTree = "<group>"; };
		ACB7D7DF2B3B106B006B4CC6 /* I_am_richUITestsLaunchTests.swift */ = {isa = PBXFileReference; lastKnownFileType = sourcecode.swift; path = I_am_richUITestsLaunchTests.swift; sourceTree = "<group>"; };
/* End PBXFileReference section */

/* Begin PBXFrameworksBuildPhase section */
		ACB7D7B62B3B106A006B4CC6 /* Frameworks */ = {
			isa = PBXFrameworksBuildPhase;
			buildActionMask = 2147483647;
			files = (
			);
			runOnlyForDeploymentPostprocessing = 0;
		};
		ACB7D7CC2B3B106B006B4CC6 /* Frameworks */ = {
			isa = PBXFrameworksBuildPhase;
			buildActionMask = 2147483647;
			files = (
			);
			runOnlyForDeploymentPostprocessing = 0;
		};
		ACB7D7D62B3B106B006B4CC6 /* Frameworks */ = {
			isa = PBXFrameworksBuildPhase;
			buildActionMask = 2147483647;
			files = (
			);
			runOnlyForDeploymentPostprocessing = 0;
		};
/* End PBXFrameworksBuildPhase section */

/* Begin PBXGroup section */
		ACB7D7B02B3B106A006B4CC6 = {
			isa = PBXGroup;
			children = (
				ACB7D7BB2B3B106A006B4CC6 /* I am rich */,
				ACB7D7D22B3B106B006B4CC6 /* I am richTests */,
				ACB7D7DC2B3B106B006B4CC6 /* I am richUITests */,
				ACB7D7BA2B3B106A006B4CC6 /* Products */,
			);
			sourceTree = "<group>";
		};
		ACB7D7BA2B3B106A006B4CC6 /* Products */ = {
			isa = PBXGroup;
			children = (
				ACB7D7B92B3B106A006B4CC6 /* I am rich.app */,
				ACB7D7CF2B3B106B006B4CC6 /* I am richTests.xctest */,
				ACB7D7D92B3B106B006B4CC6 /* I am richUITests.xctest */,
			);
			name = Products;
			sourceTree = "<group>";
		};
		ACB7D7BB2B3B106A006B4CC6 /* I am rich */ = {
			isa = PBXGroup;
			children = (
				ACB7D7BC2B3B106A006B4CC6 /* AppDelegate.swift */,
				ACB7D7BE2B3B106A006B4CC6 /* SceneDelegate.swift */,
				ACB7D7C02B3B106A006B4CC6 /* ViewController.swift */,
				ACB7D7C22B3B106A006B4CC6 /* Main.storyboard */,
				ACB7D7C52B3B106B006B4CC6 /* Assets.xcassets */,
				ACB7D7C72B3B106B006B4CC6 /* LaunchScreen.storyboard */,
				ACB7D7CA2B3B106B006B4CC6 /* Info.plist */,
			);
			path = "I am rich";
			sourceTree = "<group>";
		};
		ACB7D7D22B3B106B006B4CC6 /* I am richTests */ = {
			isa = PBXGroup;
			children = (
				ACB7D7D32B3B106B006B4CC6 /* I_am_richTests.swift */,
			);
			path = "I am richTests";
			sourceTree = "<group>";
		};
		ACB7D7DC2B3B106B006B4CC6 /* I am richUITests */ = {
			isa = PBXGroup;
			children = (
				ACB7D7DD2B3B106B006B4CC6 /* I_am_richUITests.swift */,
				ACB7D7DF2B3B106B006B4CC6 /* I_am_richUITestsLaunchTests.swift */,
			);
			path = "I am richUITests";
			sourceTree = "<group>";
		};
/* End PBXGroup section */

/* Begin PBXNativeTarget section */
		ACB7D7B82B3B106A006B4CC6 /* I am rich */ = {
			isa = PBXNativeTarget;
			buildConfigurationList = ACB7D7E32B3B106B006B4CC6 /* Build configuration list for PBXNativeTarget "I am rich" */;
			buildPhases = (
				ACB7D7B52B3B106A006B4CC6 /* Sources */,
				ACB7D7B62B3B106A006B4CC6 /* Frameworks */,
				ACB7D7B72B3B106A006B4CC6 /* Resources */,
			);
			buildRules = (
			);
			dependencies = (
			);
			name = "I am rich";
			productName = "I am rich";
			productReference = ACB7D7B92B3B106A006B4CC6 /* I am rich.app */;
			productType = "com.apple.product-type.application";
		};
		ACB7D7CE2B3B106B006B4CC6 /* I am richTests */ = {
			isa = PBXNativeTarget;
			buildConfigurationList = ACB7D7E62B3B106B006B4CC6 /* Build configuration list for PBXNativeTarget "I am richTests" */;
			buildPhases = (
				ACB7D7CB2B3B106B006B4CC6 /* Sources */,
				ACB7D7CC2B3B106B006B4CC6 /* Frameworks */,
				ACB7D7CD2B3B106B006B4CC6 /* Resources */,
			);
			buildRules = (
			);
			dependencies = (
				ACB7D7D12B3B106B006B4CC6 /* PBXTargetDependency */,
			);
			name = "I am richTests";
			productName = "I am richTests";
			productReference = ACB7D7CF2B3B106B006B4CC6 /* I am richTests.xctest */;
			productType = "com.apple.product-type.bundle.unit-test";
		};
		ACB7D7D82B3B106B006B4CC6 /* I am richUITests */ = {
			isa = PBXNativeTarget;
			buildConfigurationList = ACB7D7E92B3B106B006B4CC6 /* Build configuration list for PBXNativeTarget "I am richUITests" */;
			buildPhases = (
				ACB7D7D52B3B106B006B4CC6 /* Sources */,
				ACB7D7D62B3B106B006B4CC6 /* Frameworks */,
				ACB7D7D72B3B106B006B4CC6 /* Resources */,
			);
			buildRules = (
			);
			dependencies = (
				ACB7D7DB2B3B106B006B4CC6 /* PBXTargetDependency */,
			);
			name = "I am richUITests";
			productName = "I am richUITests";
			productReference = ACB7D7D92B3B106B006B4CC6 /* I am richUITests.xctest */;
			productType = "com.apple.product-type.bundle.ui-testing";
		};
/* End PBXNativeTarget section */

/* Begin PBXProject section */
		ACB7D7B12B3B106A006B4CC6 /* Project object */ = {
			isa = PBXProject;
			attributes = {
				BuildIndependentTargetsInParallel = 1;
				LastSwiftUpdateCheck = 1420;
				LastUpgradeCheck = 1420;
				TargetAttributes = {
					ACB7D7B82B3B106A006B4CC6 = {
						CreatedOnToolsVersion = 14.2;
					};
					ACB7D7CE2B3B106B006B4CC6 = {
						CreatedOnToolsVersion = 14.2;
						TestTargetID = ACB7D7B82B3B106A006B4CC6;
					};
					ACB7D7D82B3B106B006B4CC6 = {
						CreatedOnToolsVersion = 14.2;
						TestTargetID = ACB7D7B82B3B106A006B4CC6;
					};
				};
			};
			buildConfigurationList = ACB7D7B42B3B106A006B4CC6 /* Build configuration list for PBXProject "I am rich" */;
			compatibilityVersion = "Xcode 14.0";
			developmentRegion = en;
			hasScannedForEncodings = 0;
			knownRegions = (
				en,
				Base,
			);
			mainGroup = ACB7D7B02B3B106A006B4CC6;
			productRefGroup = ACB7D7BA2B3B106A006B4CC6 /* Products */;
			projectDirPath = "";
			projectRoot = "";
			targets = (
				ACB7D7B82B3B106A006B4CC6 /* I am rich */,
				ACB7D7CE2B3B106B006B4CC6 /* I am richTests */,
				ACB7D7D82B3B106B006B4CC6 /* I am richUITests */,
			);
		};
/* End PBXProject section */

/* Begin PBXResourcesBuildPhase section */
		ACB7D7B72B3B106A006B4CC6 /* Resources */ = {
			isa = PBXResourcesBuildPhase;
			buildActionMask = 2147483647;
			files = (
				ACB7D7C92B3B106B006B4CC6 /* LaunchScreen.storyboard in Resources */,
				ACB7D7C62B3B106B006B4CC6 /* Assets.xcassets in Resources */,
				ACB7D7C42B3B106A006B4CC6 /* Main.storyboard in Resources */,
			);
			runOnlyForDeploymentPostprocessing = 0;
		};
		ACB7D7CD2B3B106B006B4CC6 /* Resources */ = {
			isa = PBXResourcesBuildPhase;
			buildActionMask = 2147483647;
			files = (
			);
			runOnlyForDeploymentPostprocessing = 0;
		};
		ACB7D7D72B3B106B006B4CC6 /* Resources */ = {
			isa = PBXResourcesBuildPhase;
			buildActionMask = 2147483647;
			files = (
			);
			runOnlyForDeploymentPostprocessing = 0;
		};
/* End PBXResourcesBuildPhase section */

/* Begin PBXSourcesBuildPhase section */
		ACB7D7B52B3B106A006B4CC6 /* Sources */ = {
			isa = PBXSourcesBuildPhase;
			buildActionMask = 2147483647;
			files = (
				ACB7D7C12B3B106A006B4CC6 /* ViewController.swift in Sources */,
				ACB7D7BD2B3B106A006B4CC6 /* AppDelegate.swift in Sources */,
				ACB7D7BF2B3B106A006B4CC6 /* SceneDelegate.swift in Sources */,
			);
			runOnlyForDeploymentPostprocessing = 0;
		};
		ACB7D7CB2B3B106B006B4CC6 /* Sources */ = {
			isa = PBXSourcesBuildPhase;
			buildActionMask = 2147483647;
			files = (
				ACB7D7D42B3B106B006B4CC6 /* I_am_richTests.swift in Sources */,
			);
			runOnlyForDeploymentPostprocessing = 0;
		};
		ACB7D7D52B3B106B006B4CC6 /* Sources */ = {
			isa = PBXSourcesBuildPhase;
			buildActionMask = 2147483647;
			files = (
				ACB7D7E02B3B106B006B4CC6 /* I_am_richUITestsLaunchTests.swift in Sources */,
				ACB7D7DE2B3B106B006B4CC6 /* I_am_richUITests.swift in Sources */,
			);
			runOnlyForDeploymentPostprocessing = 0;
		};
/* End PBXSourcesBuildPhase section */

/* Begin PBXTargetDependency section */
		ACB7D7D12B3B106B006B4CC6 /* PBXTargetDependency */ = {
			isa = PBXTargetDependency;
			target = ACB7D7B82B3B106A006B4CC6 /* I am rich */;
			targetProxy = ACB7D7D02B3B106B006B4CC6 /* PBXContainerItemProxy */;
		};
		ACB7D7DB2B3B106B006B4CC6 /* PBXTargetDependency */ = {
			isa = PBXTargetDependency;
			target = ACB7D7B82B3B106A006B4CC6 /* I am rich */;
			targetProxy = ACB7D7DA2B3B106B006B4CC6 /* PBXContainerItemProxy */;
		};
/* End PBXTargetDependency section */

/* Begin PBXVariantGroup section */
		ACB7D7C22B3B106A006B4CC6 /* Main.storyboard */ = {
			isa = PBXVariantGroup;
			children = (
				ACB7D7C32B3B106A006B4CC6 /* Base */,
			);
			name = Main.storyboard;
			sourceTree = "<group>";
		};
		ACB7D7C72B3B106B006B4CC6 /* LaunchScreen.storyboard */ = {
			isa = PBXVariantGroup;
			children = (
				ACB7D7C82B3B106B006B4CC6 /* Base */,
			);
			name = LaunchScreen.storyboard;
			sourceTree = "<group>";
		};
/* End PBXVariantGroup section */

/* Begin XCBuildConfiguration section */
		ACB7D7E12B3B106B006B4CC6 /* Debug */ = {
			isa = XCBuildConfiguration;
			buildSettings = {
				ALWAYS_SEARCH_USER_PATHS = NO;
				CLANG_ANALYZER_NONNULL = YES;
				CLANG_ANALYZER_NUMBER_OBJECT_CONVERSION = YES_AGGRESSIVE;
				CLANG_CXX_LANGUAGE_STANDARD = "gnu++20";
				CLANG_ENABLE_MODULES = YES;
				CLANG_ENABLE_OBJC_ARC = YES;
				CLANG_ENABLE_OBJC_WEAK = YES;
				CLANG_WARN_BLOCK_CAPTURE_AUTORELEASING = YES;
				CLANG_WARN_BOOL_CONVERSION = YES;
				CLANG_WARN_COMMA = YES;
				CLANG_WARN_CONSTANT_CONVERSION = YES;
				CLANG_WARN_DEPRECATED_OBJC_IMPLEMENTATIONS = YES;
				CLANG_WARN_DIRECT_OBJC_ISA_USAGE = YES_ERROR;
				CLANG_WARN_DOCUMENTATION_COMMENTS = YES;
				CLANG_WARN_EMPTY_BODY = YES;
				CLANG_WARN_ENUM_CONVERSION = YES;
				CLANG_WARN_INFINITE_RECURSION = YES;
				CLANG_WARN_INT_CONVERSION = YES;
				CLANG_WARN_NON_LITERAL_NULL_CONVERSION = YES;
				CLANG_WARN_OBJC_IMPLICIT_RETAIN_SELF = YES;
				CLANG_WARN_OBJC_LITERAL_CONVERSION = YES;
				CLANG_WARN_OBJC_ROOT_CLASS = YES_ERROR;
				CLANG_WARN_QUOTED_INCLUDE_IN_FRAMEWORK_HEADER = YES;
				CLANG_WARN_RANGE_LOOP_ANALYSIS = YES;
				CLANG_WARN_STRICT_PROTOTYPES = YES;
				CLANG_WARN_SUSPICIOUS_MOVE = YES;
				CLANG_WARN_UNGUARDED_AVAILABILITY = YES_AGGRESSIVE;
				CLANG_WARN_UNREACHABLE_CODE = YES;
				CLANG_WARN__DUPLICATE_METHOD_MATCH = YES;
				COPY_PHASE_STRIP = NO;
				DEBUG_INFORMATION_FORMAT = dwarf;
				ENABLE_STRICT_OBJC_MSGSEND = YES;
				ENABLE_TESTABILITY = YES;
				GCC_C_LANGUAGE_STANDARD = gnu11;
				GCC_DYNAMIC_NO_PIC = NO;
				GCC_NO_COMMON_BLOCKS = YES;
				GCC_OPTIMIZATION_LEVEL = 0;
				GCC_PREPROCESSOR_DEFINITIONS = (
					"DEBUG=1",
					"$(inherited)",
				);
				GCC_WARN_64_TO_32_BIT_CONVERSION = YES;
				GCC_WARN_ABOUT_RETURN_TYPE = YES_ERROR;
				GCC_WARN_UNDECLARED_SELECTOR = YES;
				GCC_WARN_UNINITIALIZED_AUTOS = YES_AGGRESSIVE;
				GCC_WARN_UNUSED_FUNCTION = YES;
				GCC_WARN_UNUSED_VARIABLE = YES;
				IPHONEOS_DEPLOYMENT_TARGET = 16.2;
				MTL_ENABLE_DEBUG_INFO = INCLUDE_SOURCE;
				MTL_FAST_MATH = YES;
				ONLY_ACTIVE_ARCH = YES;
				SDKROOT = iphoneos;
				SWIFT_ACTIVE_COMPILATION_CONDITIONS = DEBUG;
				SWIFT_OPTIMIZATION_LEVEL = "-Onone";
			};
			name = Debug;
		};
		ACB7D7E22B3B106B006B4CC6 /* Release */ = {
			isa = XCBuildConfiguration;
			buildSettings = {
				ALWAYS_SEARCH_USER_PATHS = NO;
				CLANG_ANALYZER_NONNULL = YES;
				CLANG_ANALYZER_NUMBER_OBJECT_CONVERSION = YES_AGGRESSIVE;
				CLANG_CXX_LANGUAGE_STANDARD = "gnu++20";
				CLANG_ENABLE_MODULES = YES;
				CLANG_ENABLE_OBJC_ARC = YES;
				CLANG_ENABLE_OBJC_WEAK = YES;
				CLANG_WARN_BLOCK_CAPTURE_AUTORELEASING = YES;
				CLANG_WARN_BOOL_CONVERSION = YES;
				CLANG_WARN_COMMA = YES;
				CLANG_WARN_CONSTANT_CONVERSION = YES;
				CLANG_WARN_DEPRECATED_OBJC_IMPLEMENTATIONS = YES;
				CLANG_WARN_DIRECT_OBJC_ISA_USAGE = YES_ERROR;
				CLANG_WARN_DOCUMENTATION_COMMENTS = YES;
				CLANG_WARN_EMPTY_BODY = YES;
				CLANG_WARN_ENUM_CONVERSION = YES;
				CLANG_WARN_INFINITE_RECURSION = YES;
				CLANG_WARN_INT_CONVERSION = YES;
				CLANG_WARN_NON_LITERAL_NULL_CONVERSION = YES;
				CLANG_WARN_OBJC_IMPLICIT_RETAIN_SELF = YES;
				CLANG_WARN_OBJC_LITERAL_CONVERSION = YES;
				CLANG_WARN_OBJC_ROOT_CLASS = YES_ERROR;
				CLANG_WARN_QUOTED_INCLUDE_IN_FRAMEWORK_HEADER = YES;
				CLANG_WARN_RANGE_LOOP_ANALYSIS = YES;
				CLANG_WARN_STRICT_PROTOTYPES = YES;
				CLANG_WARN_SUSPICIOUS_MOVE = YES;
				CLANG_WARN_UNGUARDED_AVAILABILITY = YES_AGGRESSIVE;
				CLANG_WARN_UNREACHABLE_CODE = YES;
				CLANG_WARN__DUPLICATE_METHOD_MATCH = YES;
				COPY_PHASE_STRIP = NO;
				DEBUG_INFORMATION_FORMAT = "dwarf-with-dsym";
				ENABLE_NS_ASSERTIONS = NO;
				ENABLE_STRICT_OBJC_MSGSEND = YES;
				GCC_C_LANGUAGE_STANDARD = gnu11;
				GCC_NO_COMMON_BLOCKS = YES;
				GCC_WARN_64_TO_32_BIT_CONVERSION = YES;
				GCC_WARN_ABOUT_RETURN_TYPE = YES_ERROR;
				GCC_WARN_UNDECLARED_SELECTOR = YES;
				GCC_WARN_UNINITIALIZED_AUTOS = YES_AGGRESSIVE;
				GCC_WARN_UNUSED_FUNCTION = YES;
				GCC_WARN_UNUSED_VARIABLE = YES;
				IPHONEOS_DEPLOYMENT_TARGET = 16.2;
				MTL_ENABLE_DEBUG_INFO = NO;
				MTL_FAST_MATH = YES;
				SDKROOT = iphoneos;
				SWIFT_COMPILATION_MODE = wholemodule;
				SWIFT_OPTIMIZATION_LEVEL = "-O";
				VALIDATE_PRODUCT = YES;
			};
			name = Release;
		};
		ACB7D7E42B3B106B006B4CC6 /* Debug */ = {
			isa = XCBuildConfiguration;
			buildSettings = {
				ASSETCATALOG_COMPILER_APPICON_NAME = AppIcon;
				ASSETCATALOG_COMPILER_GLOBAL_ACCENT_COLOR_NAME = AccentColor;
				CODE_SIGN_STYLE = Automatic;
				CURRENT_PROJECT_VERSION = 1;
				GENERATE_INFOPLIST_FILE = YES;
				INFOPLIST_FILE = "I am rich/Info.plist";
				INFOPLIST_KEY_UIApplicationSupportsIndirectInputEvents = YES;
				INFOPLIST_KEY_UILaunchStoryboardName = LaunchScreen;
				INFOPLIST_KEY_UIMainStoryboardFile = Main;
				INFOPLIST_KEY_UISupportedInterfaceOrientations_iPad = "UIInterfaceOrientationPortrait UIInterfaceOrientationPortraitUpsideDown UIInterfaceOrientationLandscapeLeft UIInterfaceOrientationLandscapeRight";
				INFOPLIST_KEY_UISupportedInterfaceOrientations_iPhone = "UIInterfaceOrientationPortrait UIInterfaceOrientationLandscapeLeft UIInterfaceOrientationLandscapeRight";
				LD_RUNPATH_SEARCH_PATHS = (
					"$(inherited)",
					"@executable_path/Frameworks",
				);
				MARKETING_VERSION = 1.0;
				PRODUCT_BUNDLE_IDENTIFIER = "com.victorconsultoria.I-am-rich";
				PRODUCT_NAME = "$(TARGET_NAME)";
				SWIFT_EMIT_LOC_STRINGS = YES;
				SWIFT_VERSION = 5.0;
				TARGETED_DEVICE_FAMILY = "1,2";
			};
			name = Debug;
		};
		ACB7D7E52B3B106B006B4CC6 /* Release */ = {
			isa = XCBuildConfiguration;
			buildSettings = {
				ASSETCATALOG_COMPILER_APPICON_NAME = AppIcon;
				ASSETCATALOG_COMPILER_GLOBAL_ACCENT_COLOR_NAME = AccentColor;
				CODE_SIGN_STYLE = Automatic;
				CURRENT_PROJECT_VERSION = 1;
				GENERATE_INFOPLIST_FILE = YES;
				INFOPLIST_FILE = "I am rich/Info.plist";
				INFOPLIST_KEY_UIApplicationSupportsIndirectInputEvents = YES;
				INFOPLIST_KEY_UILaunchStoryboardName = LaunchScreen;
				INFOPLIST_KEY_UIMainStoryboardFile = Main;
				INFOPLIST_KEY_UISupportedInterfaceOrientations_iPad = "UIInterfaceOrientationPortrait UIInterfaceOrientationPortraitUpsideDown UIInterfaceOrientationLandscapeLeft UIInterfaceOrientationLandscapeRight";
				INFOPLIST_KEY_UISupportedInterfaceOrientations_iPhone = "UIInterfaceOrientationPortrait UIInterfaceOrientationLandscapeLeft UIInterfaceOrientationLandscapeRight";
				LD_RUNPATH_SEARCH_PATHS = (
					"$(inherited)",
					"@executable_path/Frameworks",
				);
				MARKETING_VERSION = 1.0;
				PRODUCT_BUNDLE_IDENTIFIER = "com.victorconsultoria.I-am-rich";
				PRODUCT_NAME = "$(TARGET_NAME)";
				SWIFT_EMIT_LOC_STRINGS = YES;
				SWIFT_VERSION = 5.0;
				TARGETED_DEVICE_FAMILY = "1,2";
			};
			name = Release;
		};
		ACB7D7E72B3B106B006B4CC6 /* Debug */ = {
			isa = XCBuildConfiguration;
			buildSettings = {
				ALWAYS_EMBED_SWIFT_STANDARD_LIBRARIES = YES;
				BUNDLE_LOADER = "$(TEST_HOST)";
				CODE_SIGN_STYLE = Automatic;
				CURRENT_PROJECT_VERSION = 1;
				GENERATE_INFOPLIST_FILE = YES;
				IPHONEOS_DEPLOYMENT_TARGET = 16.2;
				MARKETING_VERSION = 1.0;
				PRODUCT_BUNDLE_IDENTIFIER = "com.victorconsultoria.I-am-richTests";
				PRODUCT_NAME = "$(TARGET_NAME)";
				SWIFT_EMIT_LOC_STRINGS = NO;
				SWIFT_VERSION = 5.0;
				TARGETED_DEVICE_FAMILY = "1,2";
				TEST_HOST = "$(BUILT_PRODUCTS_DIR)/I am rich.app/$(BUNDLE_EXECUTABLE_FOLDER_PATH)/I am rich";
			};
			name = Debug;
		};
		ACB7D7E82B3B106B006B4CC6 /* Release */ = {
			isa = XCBuildConfiguration;
			buildSettings = {
				ALWAYS_EMBED_SWIFT_STANDARD_LIBRARIES = YES;
				BUNDLE_LOADER = "$(TEST_HOST)";
				CODE_SIGN_STYLE = Automatic;
				CURRENT_PROJECT_VERSION = 1;
				GENERATE_INFOPLIST_FILE = YES;
				IPHONEOS_DEPLOYMENT_TARGET = 16.2;
				MARKETING_VERSION = 1.0;
				PRODUCT_BUNDLE_IDENTIFIER = "com.victorconsultoria.I-am-richTests";
				PRODUCT_NAME = "$(TARGET_NAME)";
				SWIFT_EMIT_LOC_STRINGS = NO;
				SWIFT_VERSION = 5.0;
				TARGETED_DEVICE_FAMILY = "1,2";
				TEST_HOST = "$(BUILT_PRODUCTS_DIR)/I am rich.app/$(BUNDLE_EXECUTABLE_FOLDER_PATH)/I am rich";
			};
			name = Release;
		};
		ACB7D7EA2B3B106B006B4CC6 /* Debug */ = {
			isa = XCBuildConfiguration;
			buildSettings = {
				ALWAYS_EMBED_SWIFT_STANDARD_LIBRARIES = YES;
				CODE_SIGN_STYLE = Automatic;
				CURRENT_PROJECT_VERSION = 1;
				GENERATE_INFOPLIST_FILE = YES;
				MARKETING_VERSION = 1.0;
				PRODUCT_BUNDLE_IDENTIFIER = "com.victorconsultoria.I-am-richUITests";
				PRODUCT_NAME = "$(TARGET_NAME)";
				SWIFT_EMIT_LOC_STRINGS = NO;
				SWIFT_VERSION = 5.0;
				TARGETED_DEVICE_FAMILY = "1,2";
				TEST_TARGET_NAME = "I am rich";
			};
			name = Debug;
		};
		ACB7D7EB2B3B106B006B4CC6 /* Release */ = {
			isa = XCBuildConfiguration;
			buildSettings = {
				ALWAYS_EMBED_SWIFT_STANDARD_LIBRARIES = YES;
				CODE_SIGN_STYLE = Automatic;
				CURRENT_PROJECT_VERSION = 1;
				GENERATE_INFOPLIST_FILE = YES;
				MARKETING_VERSION = 1.0;
				PRODUCT_BUNDLE_IDENTIFIER = "com.victorconsultoria.I-am-richUITests";
				PRODUCT_NAME = "$(TARGET_NAME)";
				SWIFT_EMIT_LOC_STRINGS = NO;
				SWIFT_VERSION = 5.0;
				TARGETED_DEVICE_FAMILY = "1,2";
				TEST_TARGET_NAME = "I am rich";
			};
			name = Release;
		};
/* End XCBuildConfiguration section */

/* Begin XCConfigurationList section */
		ACB7D7B42B3B106A006B4CC6 /* Build configuration list for PBXProject "I am rich" */ = {
			isa = XCConfigurationList;
			buildConfigurations = (
				ACB7D7E12B3B106B006B4CC6 /* Debug */,
				ACB7D7E22B3B106B006B4CC6 /* Release */,
			);
			defaultConfigurationIsVisible = 0;
			defaultConfigurationName = Release;
		};
		ACB7D7E32B3B106B006B4CC6 /* Build configuration list for PBXNativeTarget "I am rich" */ = {
			isa = XCConfigurationList;
			buildConfigurations = (
				ACB7D7E42B3B106B006B4CC6 /* Debug */,
				ACB7D7E52B3B106B006B4CC6 /* Release */,
			);
			defaultConfigurationIsVisible = 0;
			defaultConfigurationName = Release;
		};
		ACB7D7E62B3B106B006B4CC6 /* Build configuration list for PBXNativeTarget "I am richTests" */ = {
			isa = XCConfigurationList;
			buildConfigurations = (
				ACB7D7E72B3B106B006B4CC6 /* Debug */,
				ACB7D7E82B3B106B006B4CC6 /* Release */,
			);
			defaultConfigurationIsVisible = 0;
			defaultConfigurationName = Release;
		};
		ACB7D7E92B3B106B006B4CC6 /* Build configuration list for PBXNativeTarget "I am richUITests" */ = {
			isa = XCConfigurationList;
			buildConfigurations = (
				ACB7D7EA2B3B106B006B4CC6 /* Debug */,
				ACB7D7EB2B3B106B006B4CC6 /* Release */,
			);
			defaultConfigurationIsVisible = 0;
			defaultConfigurationName = Release;
		};
/* End XCConfigurationList section */
	};
	rootObject = ACB7D7B12B3B106A006B4CC6 /* Project object */;
}
